
Microsoft Visual Studio Solution File, Format Version 12.00
# Visual Studio Version 17
VisualStudioVersion = 17.1.32407.343
MinimumVisualStudioVersion = 10.0.40219.1
Project("{2150E333-8FDC-42A3-9474-1A3956D46DE8}") = "Src", "Src", "{0561414F-33BB-4F4F-84D3-8E1F6C4F6FF5}"
EndProject
Project("{2150E333-8FDC-42A3-9474-1A3956D46DE8}") = "Test", "Test", "{5BFA69E2-F2BF-43F0-AC88-750E49AF378D}"
EndProject
Project("{2150E333-8FDC-42A3-9474-1A3956D46DE8}") = "Doc", "Doc", "{28F883B8-E6ED-482C-BDB0-14928C93849E}"
EndProject
Project("{2150E333-8FDC-42A3-9474-1A3956D46DE8}") = "Common", "Common", "{287DD6B9-226B-4046-B768-8B0379D51433}"
EndProject
Project("{2150E333-8FDC-42A3-9474-1A3956D46DE8}") = "Infrastructure", "Infrastructure", "{552CEE37-3DF2-47AA-A65A-C23A3E4495C4}"
EndProject
Project("{2150E333-8FDC-42A3-9474-1A3956D46DE8}") = "Core", "Core", "{01B9BD81-01FA-4835-9CAF-D5D5AD7A0DC3}"
EndProject
Project("{2150E333-8FDC-42A3-9474-1A3956D46DE8}") = "Presentation", "Presentation", "{7BCF31E0-A2A1-428C-8B27-23ECAA142C50}"
EndProject
Project("{FAE04EC0-301F-11D3-BF4B-00C04F79EFBC}") = "AppCar.Domain", "AppCar.Domain\AppCar.Domain.csproj", "{3ACB2C98-0A79-4745-A1F1-9B8AE9AF356F}"
EndProject
Project("{FAE04EC0-301F-11D3-BF4B-00C04F79EFBC}") = "AppCar.Application", "AppCar.Application\AppCar.Application.csproj", "{E37D3D4D-A2CA-4F9E-A17D-CAFB1F310FA5}"
EndProject
Project("{FAE04EC0-301F-11D3-BF4B-00C04F79EFBC}") = "AppCar.Infrastructure", "AppCar.Infrastructure\AppCar.Infrastructure.csproj", "{FEBA15B2-95CA-4322-82EA-29090092FC4A}"
EndProject
Project("{FAE04EC0-301F-11D3-BF4B-00C04F79EFBC}") = "AppCar.Persistence", "AppCar.Persistence\AppCar.Persistence.csproj", "{226BA541-8B8F-45FF-83BE-53A3BA21FE76}"
EndProject
Global
	GlobalSection(SolutionConfigurationPlatforms) = preSolution
		Debug|Any CPU = Debug|Any CPU
		Release|Any CPU = Release|Any CPU
	EndGlobalSection
	GlobalSection(ProjectConfigurationPlatforms) = postSolution
		{3ACB2C98-0A79-4745-A1F1-9B8AE9AF356F}.Debug|Any CPU.ActiveCfg = Debug|Any CPU
		{3ACB2C98-0A79-4745-A1F1-9B8AE9AF356F}.Debug|Any CPU.Build.0 = Debug|Any CPU
		{3ACB2C98-0A79-4745-A1F1-9B8AE9AF356F}.Release|Any CPU.ActiveCfg = Release|Any CPU
		{3ACB2C98-0A79-4745-A1F1-9B8AE9AF356F}.Release|Any CPU.Build.0 = Release|Any CPU
		{E37D3D4D-A2CA-4F9E-A17D-CAFB1F310FA5}.Debug|Any CPU.ActiveCfg = Debug|Any CPU
		{E37D3D4D-A2CA-4F9E-A17D-CAFB1F310FA5}.Debug|Any CPU.Build.0 = Debug|Any CPU
		{E37D3D4D-A2CA-4F9E-A17D-CAFB1F310FA5}.Release|Any CPU.ActiveCfg = Release|Any CPU
		{E37D3D4D-A2CA-4F9E-A17D-CAFB1F310FA5}.Release|Any CPU.Build.0 = Release|Any CPU
		{FEBA15B2-95CA-4322-82EA-29090092FC4A}.Debug|Any CPU.ActiveCfg = Debug|Any CPU
		{FEBA15B2-95CA-4322-82EA-29090092FC4A}.Debug|Any CPU.Build.0 = Debug|Any CPU
		{FEBA15B2-95CA-4322-82EA-29090092FC4A}.Release|Any CPU.ActiveCfg = Release|Any CPU
		{FEBA15B2-95CA-4322-82EA-29090092FC4A}.Release|Any CPU.Build.0 = Release|Any CPU
		{226BA541-8B8F-45FF-83BE-53A3BA21FE76}.Debug|Any CPU.ActiveCfg = Debug|Any CPU
		{226BA541-8B8F-45FF-83BE-53A3BA21FE76}.Debug|Any CPU.Build.0 = Debug|Any CPU
		{226BA541-8B8F-45FF-83BE-53A3BA21FE76}.Release|Any CPU.ActiveCfg = Release|Any CPU
		{226BA541-8B8F-45FF-83BE-53A3BA21FE76}.Release|Any CPU.Build.0 = Release|Any CPU
	EndGlobalSection
	GlobalSection(SolutionProperties) = preSolution
		HideSolutionNode = FALSE
	EndGlobalSection
	GlobalSection(NestedProjects) = preSolution
		{287DD6B9-226B-4046-B768-8B0379D51433} = {0561414F-33BB-4F4F-84D3-8E1F6C4F6FF5}
		{552CEE37-3DF2-47AA-A65A-C23A3E4495C4} = {0561414F-33BB-4F4F-84D3-8E1F6C4F6FF5}
		{01B9BD81-01FA-4835-9CAF-D5D5AD7A0DC3} = {0561414F-33BB-4F4F-84D3-8E1F6C4F6FF5}
		{7BCF31E0-A2A1-428C-8B27-23ECAA142C50} = {0561414F-33BB-4F4F-84D3-8E1F6C4F6FF5}
		{3ACB2C98-0A79-4745-A1F1-9B8AE9AF356F} = {01B9BD81-01FA-4835-9CAF-D5D5AD7A0DC3}
		{E37D3D4D-A2CA-4F9E-A17D-CAFB1F310FA5} = {01B9BD81-01FA-4835-9CAF-D5D5AD7A0DC3}
		{FEBA15B2-95CA-4322-82EA-29090092FC4A} = {552CEE37-3DF2-47AA-A65A-C23A3E4495C4}
		{226BA541-8B8F-45FF-83BE-53A3BA21FE76} = {552CEE37-3DF2-47AA-A65A-C23A3E4495C4}
	EndGlobalSection
	GlobalSection(ExtensibilityGlobals) = postSolution
		SolutionGuid = {6C6FEB22-BE2B-4464-A090-2CB4F32E82A7}
	EndGlobalSection
EndGlobal
